
Microsoft Visual Studio Solution File, Format Version 12.00
# Visual Studio Version 17
VisualStudioVersion = 17.11.35312.102
MinimumVisualStudioVersion = 10.0.40219.1
Project("{9A19103F-16F7-4668-BE54-9A1E7A4F7556}") = "PanguSpacing", "PanguSpacing\PanguSpacing.csproj", "{B6D3D515-720C-4794-9DAA-65C140098F32}"
EndProject
Project("{FAE04EC0-301F-11D3-BF4B-00C04F79EFBC}") = "PanguSpacing.Test", "PanguSpacing.Test\PanguSpacing.Test.csproj", "{8B293B25-3F72-4DD2-BB05-77D81694A514}"
EndProject
Global
	GlobalSection(SolutionConfigurationPlatforms) = preSolution
		Debug|Any CPU = Debug|Any CPU
		Release|Any CPU = Release|Any CPU
	EndGlobalSection
	GlobalSection(ProjectConfigurationPlatforms) = postSolution
		{B6D3D515-720C-4794-9DAA-65C140098F32}.Debug|Any CPU.ActiveCfg = Debug|Any CPU
		{B6D3D515-720C-4794-9DAA-65C140098F32}.Debug|Any CPU.Build.0 = Debug|Any CPU
		{B6D3D515-720C-4794-9DAA-65C140098F32}.Release|Any CPU.ActiveCfg = Release|Any CPU
		{B6D3D515-720C-4794-9DAA-65C140098F32}.Release|Any CPU.Build.0 = Release|Any CPU
		{8B293B25-3F72-4DD2-BB05-77D81694A514}.Debug|Any CPU.ActiveCfg = Debug|Any CPU
		{8B293B25-3F72-4DD2-BB05-77D81694A514}.Debug|Any CPU.Build.0 = Debug|Any CPU
		{8B293B25-3F72-4DD2-BB05-77D81694A514}.Release|Any CPU.ActiveCfg = Release|Any CPU
		{8B293B25-3F72-4DD2-BB05-77D81694A514}.Release|Any CPU.Build.0 = Release|Any CPU
	EndGlobalSection
	GlobalSection(SolutionProperties) = preSolution
		HideSolutionNode = FALSE
	EndGlobalSection
	GlobalSection(ExtensibilityGlobals) = postSolution
		SolutionGuid = {5EDF4B8A-E5D3-4EF7-87DA-3F97E36A34D3}
	EndGlobalSection
EndGlobal
